
Microsoft Visual Studio Solution File, Format Version 12.00
# Visual Studio Version 17
VisualStudioVersion = 17.13.35825.156
MinimumVisualStudioVersion = 10.0.40219.1
Project("{F184B08F-C81C-45F6-A57F-5ABD9991F28F}") = "Ultimate Duke Nukem 3D Custom", "Ultimate Duke Nukem 3D Custom.vbproj", "{225534DC-F288-4092-9249-67CAC8274F99}"
EndProject
Global
	GlobalSection(SolutionConfigurationPlatforms) = preSolution
		Debug|Any CPU = Debug|Any CPU
		Release|Any CPU = Release|Any CPU
	EndGlobalSection
	GlobalSection(ProjectConfigurationPlatforms) = postSolution
		{225534DC-F288-4092-9249-67CAC8274F99}.Debug|Any CPU.ActiveCfg = Release|Any CPU
		{225534DC-F288-4092-9249-67CAC8274F99}.Debug|Any CPU.Build.0 = Release|Any CPU
		{225534DC-F288-4092-9249-67CAC8274F99}.Release|Any CPU.ActiveCfg = Release|Any CPU
		{225534DC-F288-4092-9249-67CAC8274F99}.Release|Any CPU.Build.0 = Release|Any CPU
	EndGlobalSection
	GlobalSection(SolutionProperties) = preSolution
		HideSolutionNode = FALSE
	EndGlobalSection
	GlobalSection(ExtensibilityGlobals) = postSolution
		SolutionGuid = {6BD56CA1-3F71-4408-94E5-E730739C4920}
	EndGlobalSection
EndGlobal
